
Microsoft Visual Studio Solution File, Format Version 12.00
# Visual Studio Version 16
VisualStudioVersion = 16.6.30114.105
MinimumVisualStudioVersion = 10.0.40219.1
Project("{FAE04EC0-301F-11D3-BF4B-00C04F79EFBC}") = "API", "API\API.csproj", "{E2B46E10-297B-4AA5-9CC8-0358DBD178BC}"
EndProject
Project("{FAE04EC0-301F-11D3-BF4B-00C04F79EFBC}") = "Application", "Application\Application.csproj", "{02502503-D559-448A-B227-BEF4A19B7EE3}"
EndProject
Project("{FAE04EC0-301F-11D3-BF4B-00C04F79EFBC}") = "Persistence", "Persistence\Persistence.csproj", "{0247E8BF-005B-4C89-A338-093E4344FD4F}"
EndProject
Project("{FAE04EC0-301F-11D3-BF4B-00C04F79EFBC}") = "Domain", "Domain\Domain.csproj", "{1516D62B-1B6F-45E3-B92E-C3CC3DBFE259}"
EndProject
Global
	GlobalSection(SolutionConfigurationPlatforms) = preSolution
		Debug|Any CPU = Debug|Any CPU
		Debug|x64 = Debug|x64
		Debug|x86 = Debug|x86
		Release|Any CPU = Release|Any CPU
		Release|x64 = Release|x64
		Release|x86 = Release|x86
	EndGlobalSection
	GlobalSection(SolutionProperties) = preSolution
		HideSolutionNode = FALSE
	EndGlobalSection
	GlobalSection(ProjectConfigurationPlatforms) = postSolution
		{E2B46E10-297B-4AA5-9CC8-0358DBD178BC}.Debug|Any CPU.ActiveCfg = Debug|Any CPU
		{E2B46E10-297B-4AA5-9CC8-0358DBD178BC}.Debug|Any CPU.Build.0 = Debug|Any CPU
		{E2B46E10-297B-4AA5-9CC8-0358DBD178BC}.Debug|x64.ActiveCfg = Debug|Any CPU
		{E2B46E10-297B-4AA5-9CC8-0358DBD178BC}.Debug|x64.Build.0 = Debug|Any CPU
		{E2B46E10-297B-4AA5-9CC8-0358DBD178BC}.Debug|x86.ActiveCfg = Debug|Any CPU
		{E2B46E10-297B-4AA5-9CC8-0358DBD178BC}.Debug|x86.Build.0 = Debug|Any CPU
		{E2B46E10-297B-4AA5-9CC8-0358DBD178BC}.Release|Any CPU.ActiveCfg = Release|Any CPU
		{E2B46E10-297B-4AA5-9CC8-0358DBD178BC}.Release|Any CPU.Build.0 = Release|Any CPU
		{E2B46E10-297B-4AA5-9CC8-0358DBD178BC}.Release|x64.ActiveCfg = Release|Any CPU
		{E2B46E10-297B-4AA5-9CC8-0358DBD178BC}.Release|x64.Build.0 = Release|Any CPU
		{E2B46E10-297B-4AA5-9CC8-0358DBD178BC}.Release|x86.ActiveCfg = Release|Any CPU
		{E2B46E10-297B-4AA5-9CC8-0358DBD178BC}.Release|x86.Build.0 = Release|Any CPU
		{02502503-D559-448A-B227-BEF4A19B7EE3}.Debug|Any CPU.ActiveCfg = Debug|Any CPU
		{02502503-D559-448A-B227-BEF4A19B7EE3}.Debug|Any CPU.Build.0 = Debug|Any CPU
		{02502503-D559-448A-B227-BEF4A19B7EE3}.Debug|x64.ActiveCfg = Debug|Any CPU
		{02502503-D559-448A-B227-BEF4A19B7EE3}.Debug|x64.Build.0 = Debug|Any CPU
		{02502503-D559-448A-B227-BEF4A19B7EE3}.Debug|x86.ActiveCfg = Debug|Any CPU
		{02502503-D559-448A-B227-BEF4A19B7EE3}.Debug|x86.Build.0 = Debug|Any CPU
		{02502503-D559-448A-B227-BEF4A19B7EE3}.Release|Any CPU.ActiveCfg = Release|Any CPU
		{02502503-D559-448A-B227-BEF4A19B7EE3}.Release|Any CPU.Build.0 = Release|Any CPU
		{02502503-D559-448A-B227-BEF4A19B7EE3}.Release|x64.ActiveCfg = Release|Any CPU
		{02502503-D559-448A-B227-BEF4A19B7EE3}.Release|x64.Build.0 = Release|Any CPU
		{02502503-D559-448A-B227-BEF4A19B7EE3}.Release|x86.ActiveCfg = Release|Any CPU
		{02502503-D559-448A-B227-BEF4A19B7EE3}.Release|x86.Build.0 = Release|Any CPU
		{0247E8BF-005B-4C89-A338-093E4344FD4F}.Debug|Any CPU.ActiveCfg = Debug|Any CPU
		{0247E8BF-005B-4C89-A338-093E4344FD4F}.Debug|Any CPU.Build.0 = Debug|Any CPU
		{0247E8BF-005B-4C89-A338-093E4344FD4F}.Debug|x64.ActiveCfg = Debug|Any CPU
		{0247E8BF-005B-4C89-A338-093E4344FD4F}.Debug|x64.Build.0 = Debug|Any CPU
		{0247E8BF-005B-4C89-A338-093E4344FD4F}.Debug|x86.ActiveCfg = Debug|Any CPU
		{0247E8BF-005B-4C89-A338-093E4344FD4F}.Debug|x86.Build.0 = Debug|Any CPU
		{0247E8BF-005B-4C89-A338-093E4344FD4F}.Release|Any CPU.ActiveCfg = Release|Any CPU
		{0247E8BF-005B-4C89-A338-093E4344FD4F}.Release|Any CPU.Build.0 = Release|Any CPU
		{0247E8BF-005B-4C89-A338-093E4344FD4F}.Release|x64.ActiveCfg = Release|Any CPU
		{0247E8BF-005B-4C89-A338-093E4344FD4F}.Release|x64.Build.0 = Release|Any CPU
		{0247E8BF-005B-4C89-A338-093E4344FD4F}.Release|x86.ActiveCfg = Release|Any CPU
		{0247E8BF-005B-4C89-A338-093E4344FD4F}.Release|x86.Build.0 = Release|Any CPU
		{1516D62B-1B6F-45E3-B92E-C3CC3DBFE259}.Debug|Any CPU.ActiveCfg = Debug|Any CPU
		{1516D62B-1B6F-45E3-B92E-C3CC3DBFE259}.Debug|Any CPU.Build.0 = Debug|Any CPU
		{1516D62B-1B6F-45E3-B92E-C3CC3DBFE259}.Debug|x64.ActiveCfg = Debug|Any CPU
		{1516D62B-1B6F-45E3-B92E-C3CC3DBFE259}.Debug|x64.Build.0 = Debug|Any CPU
		{1516D62B-1B6F-45E3-B92E-C3CC3DBFE259}.Debug|x86.ActiveCfg = Debug|Any CPU
		{1516D62B-1B6F-45E3-B92E-C3CC3DBFE259}.Debug|x86.Build.0 = Debug|Any CPU
		{1516D62B-1B6F-45E3-B92E-C3CC3DBFE259}.Release|Any CPU.ActiveCfg = Release|Any CPU
		{1516D62B-1B6F-45E3-B92E-C3CC3DBFE259}.Release|Any CPU.Build.0 = Release|Any CPU
		{1516D62B-1B6F-45E3-B92E-C3CC3DBFE259}.Release|x64.ActiveCfg = Release|Any CPU
		{1516D62B-1B6F-45E3-B92E-C3CC3DBFE259}.Release|x64.Build.0 = Release|Any CPU
		{1516D62B-1B6F-45E3-B92E-C3CC3DBFE259}.Release|x86.ActiveCfg = Release|Any CPU
		{1516D62B-1B6F-45E3-B92E-C3CC3DBFE259}.Release|x86.Build.0 = Release|Any CPU
	EndGlobalSection
EndGlobal
